
Microsoft Visual Studio Solution File, Format Version 12.00
# Visual Studio Version 16
VisualStudioVersion = 16.0.29411.138
MinimumVisualStudioVersion = 10.0.40219.1
Project("{9A19103F-16F7-4668-BE54-9A1E7A4F7556}") = "SeventhServices.QQRobot", "SeventhServices.QQRobot\SeventhServices.QQRobot.csproj", "{F6174BEB-572D-43A4-8CCB-89EFD01F8E4F}"
EndProject
Project("{9A19103F-16F7-4668-BE54-9A1E7A4F7556}") = "SeventhServices.QQRobot.Client", "SeventhServices.QQRobot.Client\SeventhServices.QQRobot.Client.csproj", "{E672AB68-CC9A-4331-804C-34B2C88C5E05}"
EndProject
Project("{9A19103F-16F7-4668-BE54-9A1E7A4F7556}") = "SeventhServices.Asset.LocalDB", "SeventhServices.Asset.LocalDB\SeventhServices.Asset.LocalDB.csproj", "{74919C13-65F1-4A1C-A179-12953F2176EB}"
EndProject
Project("{9A19103F-16F7-4668-BE54-9A1E7A4F7556}") = "SeventhServices.QQRobot.Parser", "SeventhServices.QQRobot.Parser\SeventhServices.QQRobot.Parser.csproj", "{646F8348-6A78-4EC3-9721-7CD7A1B2842B}"
EndProject
Project("{9A19103F-16F7-4668-BE54-9A1E7A4F7556}") = "SeventhServices.QQRobot.Resource", "SeventhServices.QQRobot.Resource\SeventhServices.QQRobot.Resource.csproj", "{AD719076-4640-4605-8B0D-18087BCF5D23}"
EndProject
Global
	GlobalSection(SolutionConfigurationPlatforms) = preSolution
		Debug|Any CPU = Debug|Any CPU
		Release|Any CPU = Release|Any CPU
	EndGlobalSection
	GlobalSection(ProjectConfigurationPlatforms) = postSolution
		{F6174BEB-572D-43A4-8CCB-89EFD01F8E4F}.Debug|Any CPU.ActiveCfg = Debug|Any CPU
		{F6174BEB-572D-43A4-8CCB-89EFD01F8E4F}.Debug|Any CPU.Build.0 = Debug|Any CPU
		{F6174BEB-572D-43A4-8CCB-89EFD01F8E4F}.Release|Any CPU.ActiveCfg = Release|Any CPU
		{F6174BEB-572D-43A4-8CCB-89EFD01F8E4F}.Release|Any CPU.Build.0 = Release|Any CPU
		{E672AB68-CC9A-4331-804C-34B2C88C5E05}.Debug|Any CPU.ActiveCfg = Debug|Any CPU
		{E672AB68-CC9A-4331-804C-34B2C88C5E05}.Debug|Any CPU.Build.0 = Debug|Any CPU
		{E672AB68-CC9A-4331-804C-34B2C88C5E05}.Release|Any CPU.ActiveCfg = Release|Any CPU
		{E672AB68-CC9A-4331-804C-34B2C88C5E05}.Release|Any CPU.Build.0 = Release|Any CPU
		{74919C13-65F1-4A1C-A179-12953F2176EB}.Debug|Any CPU.ActiveCfg = Debug|Any CPU
		{74919C13-65F1-4A1C-A179-12953F2176EB}.Debug|Any CPU.Build.0 = Debug|Any CPU
		{74919C13-65F1-4A1C-A179-12953F2176EB}.Release|Any CPU.ActiveCfg = Release|Any CPU
		{74919C13-65F1-4A1C-A179-12953F2176EB}.Release|Any CPU.Build.0 = Release|Any CPU
		{646F8348-6A78-4EC3-9721-7CD7A1B2842B}.Debug|Any CPU.ActiveCfg = Debug|Any CPU
		{646F8348-6A78-4EC3-9721-7CD7A1B2842B}.Debug|Any CPU.Build.0 = Debug|Any CPU
		{646F8348-6A78-4EC3-9721-7CD7A1B2842B}.Release|Any CPU.ActiveCfg = Release|Any CPU
		{646F8348-6A78-4EC3-9721-7CD7A1B2842B}.Release|Any CPU.Build.0 = Release|Any CPU
		{AD719076-4640-4605-8B0D-18087BCF5D23}.Debug|Any CPU.ActiveCfg = Debug|Any CPU
		{AD719076-4640-4605-8B0D-18087BCF5D23}.Debug|Any CPU.Build.0 = Debug|Any CPU
		{AD719076-4640-4605-8B0D-18087BCF5D23}.Release|Any CPU.ActiveCfg = Release|Any CPU
		{AD719076-4640-4605-8B0D-18087BCF5D23}.Release|Any CPU.Build.0 = Release|Any CPU
	EndGlobalSection
	GlobalSection(SolutionProperties) = preSolution
		HideSolutionNode = FALSE
	EndGlobalSection
	GlobalSection(ExtensibilityGlobals) = postSolution
		SolutionGuid = {BC480715-B8AC-4CB6-AAE3-09FAE4B04FFC}
	EndGlobalSection
EndGlobal
